
Microsoft Visual Studio Solution File, Format Version 12.00
# Visual Studio Version 17
VisualStudioVersion = 17.3.32922.545
MinimumVisualStudioVersion = 10.0.40219.1
Project("{9A19103F-16F7-4668-BE54-9A1E7A4F7556}") = "DAL", "DAL\DAL.csproj", "{7A7E4EFD-7EC2-452A-94D2-079A98B61F5E}"
EndProject
Project("{9A19103F-16F7-4668-BE54-9A1E7A4F7556}") = "Infrastructure", "Infrastructure\Infrastructure.csproj", "{3535C051-96F1-4206-9FB1-718B3457986D}"
EndProject
Project("{9A19103F-16F7-4668-BE54-9A1E7A4F7556}") = "Infrastructure.EFCore", "Infrastructure.EFCore\Infrastructure.EFCore.csproj", "{9C0AB46F-5E4B-4F1C-96FF-E80E3CB78F37}"
EndProject
Project("{9A19103F-16F7-4668-BE54-9A1E7A4F7556}") = "Infrastructure.EFCore.Test", "Infrastructure.EFCore.Test\Infrastructure.EFCore.Test.csproj", "{9E317BB7-A94E-423A-BF90-81F2B4C1040B}"
EndProject
Project("{9A19103F-16F7-4668-BE54-9A1E7A4F7556}") = "BL", "BL\BL.csproj", "{FF8BBEAE-A0A0-4714-A0E7-700AE45C33CD}"
EndProject
Project("{9A19103F-16F7-4668-BE54-9A1E7A4F7556}") = "BL.Tests", "BL.Tests\BL.Tests.csproj", "{C33F58A2-CD2A-41D7-8769-37A7F13578CA}"
EndProject
Project("{9A19103F-16F7-4668-BE54-9A1E7A4F7556}") = "FE", "FE\FE.csproj", "{2B590054-0921-456D-B69E-008F338F0030}"
EndProject
Project("{FAE04EC0-301F-11D3-BF4B-00C04F79EFBC}") = "ConsoleApp1", "ConsoleApp1\ConsoleApp1.csproj", "{1D251753-6E11-4642-BFB2-D854BEF917EC}"
EndProject
Global
	GlobalSection(SolutionConfigurationPlatforms) = preSolution
		Debug|Any CPU = Debug|Any CPU
		Release|Any CPU = Release|Any CPU
	EndGlobalSection
	GlobalSection(ProjectConfigurationPlatforms) = postSolution
		{7A7E4EFD-7EC2-452A-94D2-079A98B61F5E}.Debug|Any CPU.ActiveCfg = Debug|Any CPU
		{7A7E4EFD-7EC2-452A-94D2-079A98B61F5E}.Debug|Any CPU.Build.0 = Debug|Any CPU
		{7A7E4EFD-7EC2-452A-94D2-079A98B61F5E}.Release|Any CPU.ActiveCfg = Release|Any CPU
		{7A7E4EFD-7EC2-452A-94D2-079A98B61F5E}.Release|Any CPU.Build.0 = Release|Any CPU
		{3535C051-96F1-4206-9FB1-718B3457986D}.Debug|Any CPU.ActiveCfg = Debug|Any CPU
		{3535C051-96F1-4206-9FB1-718B3457986D}.Debug|Any CPU.Build.0 = Debug|Any CPU
		{3535C051-96F1-4206-9FB1-718B3457986D}.Release|Any CPU.ActiveCfg = Release|Any CPU
		{3535C051-96F1-4206-9FB1-718B3457986D}.Release|Any CPU.Build.0 = Release|Any CPU
		{9C0AB46F-5E4B-4F1C-96FF-E80E3CB78F37}.Debug|Any CPU.ActiveCfg = Debug|Any CPU
		{9C0AB46F-5E4B-4F1C-96FF-E80E3CB78F37}.Debug|Any CPU.Build.0 = Debug|Any CPU
		{9C0AB46F-5E4B-4F1C-96FF-E80E3CB78F37}.Release|Any CPU.ActiveCfg = Release|Any CPU
		{9C0AB46F-5E4B-4F1C-96FF-E80E3CB78F37}.Release|Any CPU.Build.0 = Release|Any CPU
		{9E317BB7-A94E-423A-BF90-81F2B4C1040B}.Debug|Any CPU.ActiveCfg = Debug|Any CPU
		{9E317BB7-A94E-423A-BF90-81F2B4C1040B}.Debug|Any CPU.Build.0 = Debug|Any CPU
		{9E317BB7-A94E-423A-BF90-81F2B4C1040B}.Release|Any CPU.ActiveCfg = Release|Any CPU
		{9E317BB7-A94E-423A-BF90-81F2B4C1040B}.Release|Any CPU.Build.0 = Release|Any CPU
		{FF8BBEAE-A0A0-4714-A0E7-700AE45C33CD}.Debug|Any CPU.ActiveCfg = Debug|Any CPU
		{FF8BBEAE-A0A0-4714-A0E7-700AE45C33CD}.Debug|Any CPU.Build.0 = Debug|Any CPU
		{FF8BBEAE-A0A0-4714-A0E7-700AE45C33CD}.Release|Any CPU.ActiveCfg = Release|Any CPU
		{FF8BBEAE-A0A0-4714-A0E7-700AE45C33CD}.Release|Any CPU.Build.0 = Release|Any CPU
		{C33F58A2-CD2A-41D7-8769-37A7F13578CA}.Debug|Any CPU.ActiveCfg = Debug|Any CPU
		{C33F58A2-CD2A-41D7-8769-37A7F13578CA}.Debug|Any CPU.Build.0 = Debug|Any CPU
		{C33F58A2-CD2A-41D7-8769-37A7F13578CA}.Release|Any CPU.ActiveCfg = Release|Any CPU
		{C33F58A2-CD2A-41D7-8769-37A7F13578CA}.Release|Any CPU.Build.0 = Release|Any CPU
		{2B590054-0921-456D-B69E-008F338F0030}.Debug|Any CPU.ActiveCfg = Debug|Any CPU
		{2B590054-0921-456D-B69E-008F338F0030}.Debug|Any CPU.Build.0 = Debug|Any CPU
		{2B590054-0921-456D-B69E-008F338F0030}.Release|Any CPU.ActiveCfg = Release|Any CPU
		{2B590054-0921-456D-B69E-008F338F0030}.Release|Any CPU.Build.0 = Release|Any CPU
		{1D251753-6E11-4642-BFB2-D854BEF917EC}.Debug|Any CPU.ActiveCfg = Debug|Any CPU
		{1D251753-6E11-4642-BFB2-D854BEF917EC}.Debug|Any CPU.Build.0 = Debug|Any CPU
		{1D251753-6E11-4642-BFB2-D854BEF917EC}.Release|Any CPU.ActiveCfg = Release|Any CPU
		{1D251753-6E11-4642-BFB2-D854BEF917EC}.Release|Any CPU.Build.0 = Release|Any CPU
	EndGlobalSection
	GlobalSection(SolutionProperties) = preSolution
		HideSolutionNode = FALSE
	EndGlobalSection
	GlobalSection(ExtensibilityGlobals) = postSolution
		SolutionGuid = {842C2D2E-2FF2-42A7-83A1-CB34955754F5}
	EndGlobalSection
EndGlobal
