
Microsoft Visual Studio Solution File, Format Version 12.00
# Visual Studio Version 17
VisualStudioVersion = 17.3.32922.545
MinimumVisualStudioVersion = 10.0.40219.1
Project("{FAE04EC0-301F-11D3-BF4B-00C04F79EFBC}") = "DAL", "DAL\DAL.csproj", "{81FDF228-DBC8-4824-BBDB-D6F62B29D53A}"
EndProject
Global
	GlobalSection(SolutionConfigurationPlatforms) = preSolution
		Debug|Any CPU = Debug|Any CPU
		Release|Any CPU = Release|Any CPU
	EndGlobalSection
	GlobalSection(ProjectConfigurationPlatforms) = postSolution
		{81FDF228-DBC8-4824-BBDB-D6F62B29D53A}.Debug|Any CPU.ActiveCfg = Debug|Any CPU
		{81FDF228-DBC8-4824-BBDB-D6F62B29D53A}.Debug|Any CPU.Build.0 = Debug|Any CPU
		{81FDF228-DBC8-4824-BBDB-D6F62B29D53A}.Release|Any CPU.ActiveCfg = Release|Any CPU
		{81FDF228-DBC8-4824-BBDB-D6F62B29D53A}.Release|Any CPU.Build.0 = Release|Any CPU
	EndGlobalSection
	GlobalSection(SolutionProperties) = preSolution
		HideSolutionNode = FALSE
	EndGlobalSection
	GlobalSection(ExtensibilityGlobals) = postSolution
		SolutionGuid = {04748707-3680-4552-A6B2-CD4264EAAF05}
	EndGlobalSection
EndGlobal
